cookbook 'databox', :locked_version => '0.1.1'
cookbook 'rackbox', :locked_version => '0.1.2'
cookbook 'database', :locked_version => '1.3.12'
cookbook 'mysql', :locked_version => '3.0.0'
cookbook 'openssl', :locked_version => '1.0.2'
cookbook 'build-essential', :locked_version => '1.4.0'
cookbook 'postgresql', :locked_version => '2.4.0'
cookbook 'apt', :locked_version => '1.9.2'
cookbook 'aws', :locked_version => '0.100.6'
cookbook 'xfs', :locked_version => '1.1.0'
cookbook 'appbox', :locked_version => '0.1.1'
cookbook 'sudo', :locked_version => '2.1.0'
cookbook 'user', :locked_version => '0.3.0'
cookbook 'curl', :locked_version => '1.1.0'
cookbook 'htop', :locked_version => '1.0.0'
cookbook 'git', :locked_version => '2.5.0'
cookbook 'dmg', :locked_version => '1.1.0'
cookbook 'yum', :locked_version => '2.2.0'
cookbook 'windows', :locked_version => '1.8.10'
cookbook 'chef_handler', :locked_version => '1.1.4'
cookbook 'runit', :locked_version => '1.1.2'
cookbook 'tmux', :locked_version => '1.2.2'
cookbook 'rbenv', :locked_version => '1.4.1'
cookbook 'ohai', :locked_version => '1.1.8'
cookbook 'nginx', :locked_version => '1.4.0'
cookbook 'bluepill', :locked_version => '2.2.2'
cookbook 'rsyslog', :locked_version => '1.5.0'
cookbook 'unicorn', :locked_version => '1.2.2'